
Microsoft Visual Studio Solution File, Format Version 12.00
# Visual Studio Version 17
VisualStudioVersion = 17.8.34330.188
MinimumVisualStudioVersion = 10.0.40219.1
Project("{FAE04EC0-301F-11D3-BF4B-00C04F79EFBC}") = "cajaDeHerramienta", "cajaDeHerramienta.csproj", "{0DBAC564-5B7D-481B-B688-5596CFB44243}"
EndProject
Global
	GlobalSection(SolutionConfigurationPlatforms) = preSolution
		Debug|Any CPU = Debug|Any CPU
		Release|Any CPU = Release|Any CPU
	EndGlobalSection
	GlobalSection(ProjectConfigurationPlatforms) = postSolution
		{0DBAC564-5B7D-481B-B688-5596CFB44243}.Debug|Any CPU.ActiveCfg = Debug|Any CPU
		{0DBAC564-5B7D-481B-B688-5596CFB44243}.Debug|Any CPU.Build.0 = Debug|Any CPU
		{0DBAC564-5B7D-481B-B688-5596CFB44243}.Release|Any CPU.ActiveCfg = Release|Any CPU
		{0DBAC564-5B7D-481B-B688-5596CFB44243}.Release|Any CPU.Build.0 = Release|Any CPU
	EndGlobalSection
	GlobalSection(SolutionProperties) = preSolution
		HideSolutionNode = FALSE
	EndGlobalSection
	GlobalSection(ExtensibilityGlobals) = postSolution
		SolutionGuid = {E63D17B6-B596-4439-BAE1-B37DAC0A9AD4}
	EndGlobalSection
EndGlobal
